// !$*UTF8*$!
{
	archiveVersion = 1;
	classes = {
	};
	objectVersion = 56;
	objects = {

/* Begin PBXBuildFile section */
		9C1E503E2BE0DB8300BEAF2D /* WatchViewModel.swift in Sources */ = {isa = PBXBuildFile; fileRef = 9C1E503D2BE0DB8300BEAF2D /* WatchViewModel.swift */; };
		9C3DF3A42BE1311E0032366F /* AnalogWatchView.swift in Sources */ = {isa = PBXBuildFile; fileRef = 9C3DF3A32BE1311E0032366F /* AnalogWatchView.swift */; };
		9C43FD2C2BDAFEE2002A429B /* StopwatchApp.swift in Sources */ = {isa = PBXBuildFile; fileRef = 9C43FD2B2BDAFEE2002A429B /* StopwatchApp.swift */; };
		9C43FD2E2BDAFEE2002A429B /* ContentView.swift in Sources */ = {isa = PBXBuildFile; fileRef = 9C43FD2D2BDAFEE2002A429B /* ContentView.swift */; };
		9C43FD302BDAFEE3002A429B /* Assets.xcassets in Resources */ = {isa = PBXBuildFile; fileRef = 9C43FD2F2BDAFEE3002A429B /* Assets.xcassets */; };
		9C43FD332BDAFEE3002A429B /* Preview Assets.xcassets in Resources */ = {isa = PBXBuildFile; fileRef = 9C43FD322BDAFEE3002A429B /* Preview Assets.xcassets */; };
		9C4D82D02BE3A17400B2F108 /* Watch.swift in Sources */ = {isa = PBXBuildFile; fileRef = 9C4D82CF2BE3A17400B2F108 /* Watch.swift */; };
		9CAE33AF2BE39070005F08CE /* LapView.swift in Sources */ = {isa = PBXBuildFile; fileRef = 9CAE33AE2BE39070005F08CE /* LapView.swift */; };
		9CAE33B12BE396FE005F08CE /* Lap.swift in Sources */ = {isa = PBXBuildFile; fileRef = 9CAE33B02BE396FE005F08CE /* Lap.swift */; };
/* End PBXBuildFile section */

/* Begin PBXFileReference section */
		9C1E503D2BE0DB8300BEAF2D /* WatchViewModel.swift */ = {isa = PBXFileReference; lastKnownFileType = sourcecode.swift; path = WatchViewModel.swift; sourceTree = "<group>"; };
		9C3DF3A32BE1311E0032366F /* AnalogWatchView.swift */ = {isa = PBXFileReference; lastKnownFileType = sourcecode.swift; path = AnalogWatchView.swift; sourceTree = "<group>"; };
		9C43FD282BDAFEE2002A429B /* Stopwatch.app */ = {isa = PBXFileReference; explicitFileType = wrapper.application; includeInIndex = 0; path = Stopwatch.app; sourceTree = BUILT_PRODUCTS_DIR; };
		9C43FD2B2BDAFEE2002A429B /* StopwatchApp.swift */ = {isa = PBXFileReference; lastKnownFileType = sourcecode.swift; path = StopwatchApp.swift; sourceTree = "<group>"; };
		9C43FD2D2BDAFEE2002A429B /* ContentView.swift */ = {isa = PBXFileReference; lastKnownFileType = sourcecode.swift; path = ContentView.swift; sourceTree = "<group>"; };
		9C43FD2F2BDAFEE3002A429B /* Assets.xcassets */ = {isa = PBXFileReference; lastKnownFileType = folder.assetcatalog; path = Assets.xcassets; sourceTree = "<group>"; };
		9C43FD322BDAFEE3002A429B /* Preview Assets.xcassets */ = {isa = PBXFileReference; lastKnownFileType = folder.assetcatalog; path = "Preview Assets.xcassets"; sourceTree = "<group>"; };
		9C4D82CF2BE3A17400B2F108 /* Watch.swift */ = {isa = PBXFileReference; lastKnownFileType = sourcecode.swift; path = Watch.swift; sourceTree = "<group>"; };
		9CAE33AE2BE39070005F08CE /* LapView.swift */ = {isa = PBXFileReference; lastKnownFileType = sourcecode.swift; path = LapView.swift; sourceTree = "<group>"; };
		9CAE33B02BE396FE005F08CE /* Lap.swift */ = {isa = PBXFileReference; lastKnownFileType = sourcecode.swift; path = Lap.swift; sourceTree = "<group>"; };
/* End PBXFileReference section */

/* Begin PBXFrameworksBuildPhase section */
		9C43FD252BDAFEE2002A429B /* Frameworks */ = {
			isa = PBXFrameworksBuildPhase;
			buildActionMask = 2147483647;
			files = (
			);
			runOnlyForDeploymentPostprocessing = 0;
		};
/* End PBXFrameworksBuildPhase section */

/* Begin PBXGroup section */
		9C43FD1F2BDAFEE2002A429B = {
			isa = PBXGroup;
			children = (
				9C43FD2A2BDAFEE2002A429B /* Stopwatch */,
				9C43FD292BDAFEE2002A429B /* Products */,
			);
			sourceTree = "<group>";
		};
		9C43FD292BDAFEE2002A429B /* Products */ = {
			isa = PBXGroup;
			children = (
				9C43FD282BDAFEE2002A429B /* Stopwatch.app */,
			);
			name = Products;
			sourceTree = "<group>";
		};
		9C43FD2A2BDAFEE2002A429B /* Stopwatch */ = {
			isa = PBXGroup;
			children = (
				9C43FD2B2BDAFEE2002A429B /* StopwatchApp.swift */,
				9C43FD2D2BDAFEE2002A429B /* ContentView.swift */,
				9CAE33B02BE396FE005F08CE /* Lap.swift */,
				9CAE33AE2BE39070005F08CE /* LapView.swift */,
				9C1E503D2BE0DB8300BEAF2D /* WatchViewModel.swift */,
				9C4D82CF2BE3A17400B2F108 /* Watch.swift */,
				9C3DF3A32BE1311E0032366F /* AnalogWatchView.swift */,
				9C43FD2F2BDAFEE3002A429B /* Assets.xcassets */,
				9C43FD312BDAFEE3002A429B /* Preview Content */,
			);
			path = Stopwatch;
			sourceTree = "<group>";
		};
		9C43FD312BDAFEE3002A429B /* Preview Content */ = {
			isa = PBXGroup;
			children = (
				9C43FD322BDAFEE3002A429B /* Preview Assets.xcassets */,
			);
			path = "Preview Content";
			sourceTree = "<group>";
		};
/* End PBXGroup section */

/* Begin PBXNativeTarget section */
		9C43FD272BDAFEE2002A429B /* Stopwatch */ = {
			isa = PBXNativeTarget;
			buildConfigurationList = 9C43FD362BDAFEE3002A429B /* Build configuration list for PBXNativeTarget "Stopwatch" */;
			buildPhases = (
				9C43FD242BDAFEE2002A429B /* Sources */,
				9C43FD252BDAFEE2002A429B /* Frameworks */,
				9C43FD262BDAFEE2002A429B /* Resources */,
			);
			buildRules = (
			);
			dependencies = (
			);
			name = Stopwatch;
			productName = Stopwatch;
			productReference = 9C43FD282BDAFEE2002A429B /* Stopwatch.app */;
			productType = "com.apple.product-type.application";
		};
/* End PBXNativeTarget section */

/* Begin PBXProject section */
		9C43FD202BDAFEE2002A429B /* Project object */ = {
			isa = PBXProject;
			attributes = {
				BuildIndependentTargetsInParallel = 1;
				LastSwiftUpdateCheck = 1530;
				LastUpgradeCheck = 1530;
				TargetAttributes = {
					9C43FD272BDAFEE2002A429B = {
						CreatedOnToolsVersion = 15.3;
					};
				};
			};
			buildConfigurationList = 9C43FD232BDAFEE2002A429B /* Build configuration list for PBXProject "Stopwatch" */;
			compatibilityVersion = "Xcode 14.0";
			developmentRegion = en;
			hasScannedForEncodings = 0;
			knownRegions = (
				en,
				Base,
			);
			mainGroup = 9C43FD1F2BDAFEE2002A429B;
			productRefGroup = 9C43FD292BDAFEE2002A429B /* Products */;
			projectDirPath = "";
			projectRoot = "";
			targets = (
				9C43FD272BDAFEE2002A429B /* Stopwatch */,
			);
		};
/* End PBXProject section */

/* Begin PBXResourcesBuildPhase section */
		9C43FD262BDAFEE2002A429B /* Resources */ = {
			isa = PBXResourcesBuildPhase;
			buildActionMask = 2147483647;
			files = (
				9C43FD332BDAFEE3002A429B /* Preview Assets.xcassets in Resources */,
				9C43FD302BDAFEE3002A429B /* Assets.xcassets in Resources */,
			);
			runOnlyForDeploymentPostprocessing = 0;
		};
/* End PBXResourcesBuildPhase section */

/* Begin PBXSourcesBuildPhase section */
		9C43FD242BDAFEE2002A429B /* Sources */ = {
			isa = PBXSourcesBuildPhase;
			buildActionMask = 2147483647;
			files = (
				9CAE33AF2BE39070005F08CE /* LapView.swift in Sources */,
				9C3DF3A42BE1311E0032366F /* AnalogWatchView.swift in Sources */,
				9C1E503E2BE0DB8300BEAF2D /* WatchViewModel.swift in Sources */,
				9C43FD2E2BDAFEE2002A429B /* ContentView.swift in Sources */,
				9C4D82D02BE3A17400B2F108 /* Watch.swift in Sources */,
				9C43FD2C2BDAFEE2002A429B /* StopwatchApp.swift in Sources */,
				9CAE33B12BE396FE005F08CE /* Lap.swift in Sources */,
			);
			runOnlyForDeploymentPostprocessing = 0;
		};
/* End PBXSourcesBuildPhase section */

/* Begin XCBuildConfiguration section */
		9C43FD342BDAFEE3002A429B /* Debug */ = {
			isa = XCBuildConfiguration;
			buildSettings = {
				ALWAYS_SEARCH_USER_PATHS = NO;
				ASSETCATALOG_COMPILER_GENERATE_SWIFT_ASSET_SYMBOL_EXTENSIONS = YES;
				CLANG_ANALYZER_NONNULL = YES;
				CLANG_ANALYZER_NUMBER_OBJECT_CONVERSION = YES_AGGRESSIVE;
				CLANG_CXX_LANGUAGE_STANDARD = "gnu++20";
				CLANG_ENABLE_MODULES = YES;
				CLANG_ENABLE_OBJC_ARC = YES;
				CLANG_ENABLE_OBJC_WEAK = YES;
				CLANG_WARN_BLOCK_CAPTURE_AUTORELEASING = YES;
				CLANG_WARN_BOOL_CONVERSION = YES;
				CLANG_WARN_COMMA = YES;
				CLANG_WARN_CONSTANT_CONVERSION = YES;
				CLANG_WARN_DEPRECATED_OBJC_IMPLEMENTATIONS = YES;
				CLANG_WARN_DIRECT_OBJC_ISA_USAGE = YES_ERROR;
				CLANG_WARN_DOCUMENTATION_COMMENTS = YES;
				CLANG_WARN_EMPTY_BODY = YES;
				CLANG_WARN_ENUM_CONVERSION = YES;
				CLANG_WARN_INFINITE_RECURSION = YES;
				CLANG_WARN_INT_CONVERSION = YES;
				CLANG_WARN_NON_LITERAL_NULL_CONVERSION = YES;
				CLANG_WARN_OBJC_IMPLICIT_RETAIN_SELF = YES;
				CLANG_WARN_OBJC_LITERAL_CONVERSION = YES;
				CLANG_WARN_OBJC_ROOT_CLASS = YES_ERROR;
				CLANG_WARN_QUOTED_INCLUDE_IN_FRAMEWORK_HEADER = YES;
				CLANG_WARN_RANGE_LOOP_ANALYSIS = YES;
				CLANG_WARN_STRICT_PROTOTYPES = YES;
				CLANG_WARN_SUSPICIOUS_MOVE = YES;
				CLANG_WARN_UNGUARDED_AVAILABILITY = YES_AGGRESSIVE;
				CLANG_WARN_UNREACHABLE_CODE = YES;
				CLANG_WARN__DUPLICATE_METHOD_MATCH = YES;
				COPY_PHASE_STRIP = NO;
				DEBUG_INFORMATION_FORMAT = dwarf;
				ENABLE_STRICT_OBJC_MSGSEND = YES;
				ENABLE_TESTABILITY = YES;
				ENABLE_USER_SCRIPT_SANDBOXING = YES;
				GCC_C_LANGUAGE_STANDARD = gnu17;
				GCC_DYNAMIC_NO_PIC = NO;
				GCC_NO_COMMON_BLOCKS = YES;
				GCC_OPTIMIZATION_LEVEL = 0;
				GCC_PREPROCESSOR_DEFINITIONS = (
					"DEBUG=1",
					"$(inherited)",
				);
				GCC_WARN_64_TO_32_BIT_CONVERSION = YES;
				GCC_WARN_ABOUT_RETURN_TYPE = YES_ERROR;
				GCC_WARN_UNDECLARED_SELECTOR = YES;
				GCC_WARN_UNINITIALIZED_AUTOS = YES_AGGRESSIVE;
				GCC_WARN_UNUSED_FUNCTION = YES;
				GCC_WARN_UNUSED_VARIABLE = YES;
				IPHONEOS_DEPLOYMENT_TARGET = 17.4;
				LOCALIZATION_PREFERS_STRING_CATALOGS = YES;
				MTL_ENABLE_DEBUG_INFO = INCLUDE_SOURCE;
				MTL_FAST_MATH = YES;
				ONLY_ACTIVE_ARCH = YES;
				SDKROOT = iphoneos;
				SWIFT_ACTIVE_COMPILATION_CONDITIONS = "DEBUG $(inherited)";
				SWIFT_OPTIMIZATION_LEVEL = "-Onone";
			};
			name = Debug;
		};
		9C43FD352BDAFEE3002A429B /* Release */ = {
			isa = XCBuildConfiguration;
			buildSettings = {
				ALWAYS_SEARCH_USER_PATHS = NO;
				ASSETCATALOG_COMPILER_GENERATE_SWIFT_ASSET_SYMBOL_EXTENSIONS = YES;
				CLANG_ANALYZER_NONNULL = YES;
				CLANG_ANALYZER_NUMBER_OBJECT_CONVERSION = YES_AGGRESSIVE;
				CLANG_CXX_LANGUAGE_STANDARD = "gnu++20";
				CLANG_ENABLE_MODULES = YES;
				CLANG_ENABLE_OBJC_ARC = YES;
				CLANG_ENABLE_OBJC_WEAK = YES;
				CLANG_WARN_BLOCK_CAPTURE_AUTORELEASING = YES;
				CLANG_WARN_BOOL_CONVERSION = YES;
				CLANG_WARN_COMMA = YES;
				CLANG_WARN_CONSTANT_CONVERSION = YES;
				CLANG_WARN_DEPRECATED_OBJC_IMPLEMENTATIONS = YES;
				CLANG_WARN_DIRECT_OBJC_ISA_USAGE = YES_ERROR;
				CLANG_WARN_DOCUMENTATION_COMMENTS = YES;
				CLANG_WARN_EMPTY_BODY = YES;
				CLANG_WARN_ENUM_CONVERSION = YES;
				CLANG_WARN_INFINITE_RECURSION = YES;
				CLANG_WARN_INT_CONVERSION = YES;
				CLANG_WARN_NON_LITERAL_NULL_CONVERSION = YES;
				CLANG_WARN_OBJC_IMPLICIT_RETAIN_SELF = YES;
				CLANG_WARN_OBJC_LITERAL_CONVERSION = YES;
				CLANG_WARN_OBJC_ROOT_CLASS = YES_ERROR;
				CLANG_WARN_QUOTED_INCLUDE_IN_FRAMEWORK_HEADER = YES;
				CLANG_WARN_RANGE_LOOP_ANALYSIS = YES;
				CLANG_WARN_STRICT_PROTOTYPES = YES;
				CLANG_WARN_SUSPICIOUS_MOVE = YES;
				CLANG_WARN_UNGUARDED_AVAILABILITY = YES_AGGRESSIVE;
				CLANG_WARN_UNREACHABLE_CODE = YES;
				CLANG_WARN__DUPLICATE_METHOD_MATCH = YES;
				COPY_PHASE_STRIP = NO;
				DEBUG_INFORMATION_FORMAT = "dwarf-with-dsym";
				ENABLE_NS_ASSERTIONS = NO;
				ENABLE_STRICT_OBJC_MSGSEND = YES;
				ENABLE_USER_SCRIPT_SANDBOXING = YES;
				GCC_C_LANGUAGE_STANDARD = gnu17;
				GCC_NO_COMMON_BLOCKS = YES;
				GCC_WARN_64_TO_32_BIT_CONVERSION = YES;
				GCC_WARN_ABOUT_RETURN_TYPE = YES_ERROR;
				GCC_WARN_UNDECLARED_SELECTOR = YES;
				GCC_WARN_UNINITIALIZED_AUTOS = YES_AGGRESSIVE;
				GCC_WARN_UNUSED_FUNCTION = YES;
				GCC_WARN_UNUSED_VARIABLE = YES;
				IPHONEOS_DEPLOYMENT_TARGET = 17.4;
				LOCALIZATION_PREFERS_STRING_CATALOGS = YES;
				MTL_ENABLE_DEBUG_INFO = NO;
				MTL_FAST_MATH = YES;
				SDKROOT = iphoneos;
				SWIFT_COMPILATION_MODE = wholemodule;
				VALIDATE_PRODUCT = YES;
			};
			name = Release;
		};
		9C43FD372BDAFEE3002A429B /* Debug */ = {
			isa = XCBuildConfiguration;
			buildSettings = {
				ASSETCATALOG_COMPILER_APPICON_NAME = AppIcon;
				ASSETCATALOG_COMPILER_GLOBAL_ACCENT_COLOR_NAME = AccentColor;
				CODE_SIGN_STYLE = Automatic;
				CURRENT_PROJECT_VERSION = 1;
				DEVELOPMENT_ASSET_PATHS = "\"Stopwatch/Preview Content\"";
				ENABLE_PREVIEWS = YES;
				GENERATE_INFOPLIST_FILE = YES;
				INFOPLIST_KEY_UIApplicationSceneManifest_Generation = YES;
				INFOPLIST_KEY_UIApplicationSupportsIndirectInputEvents = YES;
				INFOPLIST_KEY_UILaunchScreen_Generation = YES;
				INFOPLIST_KEY_UISupportedInterfaceOrientations_iPad = "UIInterfaceOrientationPortrait UIInterfaceOrientationPortraitUpsideDown UIInterfaceOrientationLandscapeLeft UIInterfaceOrientationLandscapeRight";
				INFOPLIST_KEY_UISupportedInterfaceOrientations_iPhone = "UIInterfaceOrientationPortrait UIInterfaceOrientationLandscapeLeft UIInterfaceOrientationLandscapeRight";
				LD_RUNPATH_SEARCH_PATHS = (
					"$(inherited)",
					"@executable_path/Frameworks",
				);
				MARKETING_VERSION = 1.0;
				PRODUCT_BUNDLE_IDENTIFIER = a.Stopwatch;
				PRODUCT_NAME = "$(TARGET_NAME)";
				SWIFT_EMIT_LOC_STRINGS = YES;
				SWIFT_VERSION = 5.0;
				TARGETED_DEVICE_FAMILY = "1,2";
			};
			name = Debug;
		};
		9C43FD382BDAFEE3002A429B /* Release */ = {
			isa = XCBuildConfiguration;
			buildSettings = {
				ASSETCATALOG_COMPILER_APPICON_NAME = AppIcon;
				ASSETCATALOG_COMPILER_GLOBAL_ACCENT_COLOR_NAME = AccentColor;
				CODE_SIGN_STYLE = Automatic;
				CURRENT_PROJECT_VERSION = 1;
				DEVELOPMENT_ASSET_PATHS = "\"Stopwatch/Preview Content\"";
				ENABLE_PREVIEWS = YES;
				GENERATE_INFOPLIST_FILE = YES;
				INFOPLIST_KEY_UIApplicationSceneManifest_Generation = YES;
				INFOPLIST_KEY_UIApplicationSupportsIndirectInputEvents = YES;
				INFOPLIST_KEY_UILaunchScreen_Generation = YES;
				INFOPLIST_KEY_UISupportedInterfaceOrientations_iPad = "UIInterfaceOrientationPortrait UIInterfaceOrientationPortraitUpsideDown UIInterfaceOrientationLandscapeLeft UIInterfaceOrientationLandscapeRight";
				INFOPLIST_KEY_UISupportedInterfaceOrientations_iPhone = "UIInterfaceOrientationPortrait UIInterfaceOrientationLandscapeLeft UIInterfaceOrientationLandscapeRight";
				LD_RUNPATH_SEARCH_PATHS = (
					"$(inherited)",
					"@executable_path/Frameworks",
				);
				MARKETING_VERSION = 1.0;
				PRODUCT_BUNDLE_IDENTIFIER = a.Stopwatch;
				PRODUCT_NAME = "$(TARGET_NAME)";
				SWIFT_EMIT_LOC_STRINGS = YES;
				SWIFT_VERSION = 5.0;
				TARGETED_DEVICE_FAMILY = "1,2";
			};
			name = Release;
		};
/* End XCBuildConfiguration section */

/* Begin XCConfigurationList section */
		9C43FD232BDAFEE2002A429B /* Build configuration list for PBXProject "Stopwatch" */ = {
			isa = XCConfigurationList;
			buildConfigurations = (
				9C43FD342BDAFEE3002A429B /* Debug */,
				9C43FD352BDAFEE3002A429B /* Release */,
			);
			defaultConfigurationIsVisible = 0;
			defaultConfigurationName = Release;
		};
		9C43FD362BDAFEE3002A429B /* Build configuration list for PBXNativeTarget "Stopwatch" */ = {
			isa = XCConfigurationList;
			buildConfigurations = (
				9C43FD372BDAFEE3002A429B /* Debug */,
				9C43FD382BDAFEE3002A429B /* Release */,
			);
			defaultConfigurationIsVisible = 0;
			defaultConfigurationName = Release;
		};
/* End XCConfigurationList section */
	};
	rootObject = 9C43FD202BDAFEE2002A429B /* Project object */;
}
